
Microsoft Visual Studio Solution File, Format Version 12.00
# Visual Studio Version 17
VisualStudioVersion = 17.11.35327.3
MinimumVisualStudioVersion = 10.0.40219.1
Project("{FAE04EC0-301F-11D3-BF4B-00C04F79EFBC}") = "artpass", "artpass.csproj", "{030D9314-0279-403A-9B0E-E18CBA5A0303}"
EndProject
Global
	GlobalSection(SolutionConfigurationPlatforms) = preSolution
		Debug|Any CPU = Debug|Any CPU
		Release|Any CPU = Release|Any CPU
	EndGlobalSection
	GlobalSection(ProjectConfigurationPlatforms) = postSolution
		{030D9314-0279-403A-9B0E-E18CBA5A0303}.Debug|Any CPU.ActiveCfg = Debug|Any CPU
		{030D9314-0279-403A-9B0E-E18CBA5A0303}.Debug|Any CPU.Build.0 = Debug|Any CPU
		{030D9314-0279-403A-9B0E-E18CBA5A0303}.Release|Any CPU.ActiveCfg = Release|Any CPU
		{030D9314-0279-403A-9B0E-E18CBA5A0303}.Release|Any CPU.Build.0 = Release|Any CPU
	EndGlobalSection
	GlobalSection(SolutionProperties) = preSolution
		HideSolutionNode = FALSE
	EndGlobalSection
	GlobalSection(ExtensibilityGlobals) = postSolution
		SolutionGuid = {4C9B5E18-BAE4-4E34-9099-74053D87B9C5}
	EndGlobalSection
EndGlobal
